
Microsoft Visual Studio Solution File, Format Version 12.00
# Visual Studio Version 17
VisualStudioVersion = 17.5.33627.172
MinimumVisualStudioVersion = 10.0.40219.1
Project("{9A19103F-16F7-4668-BE54-9A1E7A4F7556}") = "PizzaService", "PizzaService.csproj", "{55B4A7ED-A894-4BDA-A591-09CDD6CE1A40}"
EndProject
Project("{9A19103F-16F7-4668-BE54-9A1E7A4F7556}") = "Client", "..\..\Client\Client.csproj", "{1D33F01C-BAA9-4A15-9801-49D10EA1438A}"
EndProject
Global
	GlobalSection(SolutionConfigurationPlatforms) = preSolution
		Debug|Any CPU = Debug|Any CPU
		Release|Any CPU = Release|Any CPU
	EndGlobalSection
	GlobalSection(ProjectConfigurationPlatforms) = postSolution
		{55B4A7ED-A894-4BDA-A591-09CDD6CE1A40}.Debug|Any CPU.ActiveCfg = Debug|Any CPU
		{55B4A7ED-A894-4BDA-A591-09CDD6CE1A40}.Debug|Any CPU.Build.0 = Debug|Any CPU
		{55B4A7ED-A894-4BDA-A591-09CDD6CE1A40}.Release|Any CPU.ActiveCfg = Release|Any CPU
		{55B4A7ED-A894-4BDA-A591-09CDD6CE1A40}.Release|Any CPU.Build.0 = Release|Any CPU
		{1D33F01C-BAA9-4A15-9801-49D10EA1438A}.Debug|Any CPU.ActiveCfg = Debug|Any CPU
		{1D33F01C-BAA9-4A15-9801-49D10EA1438A}.Debug|Any CPU.Build.0 = Debug|Any CPU
		{1D33F01C-BAA9-4A15-9801-49D10EA1438A}.Release|Any CPU.ActiveCfg = Release|Any CPU
		{1D33F01C-BAA9-4A15-9801-49D10EA1438A}.Release|Any CPU.Build.0 = Release|Any CPU
	EndGlobalSection
	GlobalSection(SolutionProperties) = preSolution
		HideSolutionNode = FALSE
	EndGlobalSection
	GlobalSection(ExtensibilityGlobals) = postSolution
		SolutionGuid = {E44EFD3A-CA4E-4EA7-8439-FFCAAB9542F1}
	EndGlobalSection
EndGlobal
